// !$*UTF8*$!
{
	archiveVersion = 1;
	classes = {
	};
	objectVersion = 100;
	objects = {

/* Begin PBXBuildFile section */
		1B84B1B42FB1D87700D138C8 /* quorra.xctestplan in Resources */ = {isa = PBXBuildFile; fileRef = 1B84B1B32FB1D87700D138C8 /* quorra.xctestplan */; };
		1B84B1E82FB38D8C00D138C8 /* IAMIdentityCenter in Frameworks */ = {isa = PBXBuildFile; productRef = 1B84B1E72FB38D8C00D138C8 /* IAMIdentityCenter */; };
		1B88C1CA2FB1106B00A3CD79 /* quorra-cli in Embed CLI */ = {isa = PBXBuildFile; fileRef = 1BBF429E2FB0C7AE00B21E0D /* quorra-cli */; settings = {ATTRIBUTES = (CodeSignOnCopy, ); }; };
		1BA1B1C12FB0000000000001 /* AWSConfigINI in Frameworks */ = {isa = PBXBuildFile; productRef = 1BA1B1C22FB0000000000002 /* AWSConfigINI */; };
/* End PBXBuildFile section */

/* Begin PBXContainerItemProxy section */
		1B0E8B922FADF3FC002DC711 /* PBXContainerItemProxy */ = {
			isa = PBXContainerItemProxy;
			containerPortal = 1B5F7C852FACE2A100833D01 /* Project object */;
			proxyType = 1;
			remoteGlobalIDString = 1B5F7C8C2FACE2A100833D01;
			remoteInfo = quorra;
		};
		1B88C1C52FB10F1500A3CD79 /* PBXContainerItemProxy */ = {
			isa = PBXContainerItemProxy;
			containerPortal = 1B5F7C852FACE2A100833D01 /* Project object */;
			proxyType = 1;
			remoteGlobalIDString = 1BBF429D2FB0C7AE00B21E0D;
			remoteInfo = "quorra-cli";
		};
/* End PBXContainerItemProxy section */

/* Begin PBXCopyFilesBuildPhase section */
		1B88C1C92FB1105E00A3CD79 /* Embed CLI */ = {
			isa = PBXCopyFilesBuildPhase;
			dstPath = "";
			dstSubfolder = Executables;
			files = (
				1B88C1CA2FB1106B00A3CD79 /* quorra-cli in Embed CLI */,
			);
			name = "Embed CLI";
		};
/* End PBXCopyFilesBuildPhase section */

/* Begin PBXFileReference section */
		1B0E8B8E2FADF3FC002DC711 /* quorraTests.xctest */ = {isa = PBXFileReference; explicitFileType = wrapper.cfbundle; includeInIndex = 0; path = quorraTests.xctest; sourceTree = BUILT_PRODUCTS_DIR; };
		1B5F7C8D2FACE2A100833D01 /* quorra.app */ = {isa = PBXFileReference; explicitFileType = wrapper.application; includeInIndex = 0; path = quorra.app; sourceTree = BUILT_PRODUCTS_DIR; };
		1B84B1B32FB1D87700D138C8 /* quorra.xctestplan */ = {isa = PBXFileReference; lastKnownFileType = text; path = quorra.xctestplan; sourceTree = "<group>"; };
		1BBF429E2FB0C7AE00B21E0D /* quorra-cli */ = {isa = PBXFileReference; explicitFileType = "compiled.mach-o.executable"; includeInIndex = 0; path = "quorra-cli"; sourceTree = BUILT_PRODUCTS_DIR; };
/* End PBXFileReference section */

/* Begin PBXFileSystemSynchronizedRootGroup section */
		1B0E8B8F2FADF3FC002DC711 /* Tests/QuorraAppTests */ = {
			isa = PBXFileSystemSynchronizedRootGroup;
			path = Tests/QuorraAppTests;
			sourceTree = "<group>";
		};
		1B5F7C8F2FACE2A100833D01 /* App */ = {
			isa = PBXFileSystemSynchronizedRootGroup;
			path = App;
			sourceTree = "<group>";
		};
		1BBF429F2FB0C7AE00B21E0D /* quorra-cli */ = {
			isa = PBXFileSystemSynchronizedRootGroup;
			path = "quorra-cli";
			sourceTree = "<group>";
		};
/* End PBXFileSystemSynchronizedRootGroup section */

/* Begin PBXFrameworksBuildPhase section */
		1B0E8B8B2FADF3FC002DC711 /* Frameworks */ = {
			isa = PBXFrameworksBuildPhase;
			files = (
			);
		};
		1B5F7C8A2FACE2A100833D01 /* Frameworks */ = {
			isa = PBXFrameworksBuildPhase;
			files = (
				1BA1B1C12FB0000000000001 /* AWSConfigINI in Frameworks */,
				1B84B1E82FB38D8C00D138C8 /* IAMIdentityCenter in Frameworks */,
			);
		};
		1BBF429B2FB0C7AE00B21E0D /* Frameworks */ = {
			isa = PBXFrameworksBuildPhase;
			files = (
			);
		};
/* End PBXFrameworksBuildPhase section */

/* Begin PBXGroup section */
		1B5F7C842FACE2A100833D01 = {
			isa = PBXGroup;
			children = (
				1B84B1B32FB1D87700D138C8 /* quorra.xctestplan */,
				1B5F7C8F2FACE2A100833D01 /* App */,
				1B0E8B8F2FADF3FC002DC711 /* Tests/QuorraAppTests */,
				1BBF429F2FB0C7AE00B21E0D /* quorra-cli */,
				1B84B1E62FB38D8C00D138C8 /* Frameworks */,
				1B5F7C8E2FACE2A100833D01 /* Products */,
			);
			sourceTree = "<group>";
		};
		1B5F7C8E2FACE2A100833D01 /* Products */ = {
			isa = PBXGroup;
			children = (
				1B5F7C8D2FACE2A100833D01 /* quorra.app */,
				1B0E8B8E2FADF3FC002DC711 /* quorraTests.xctest */,
				1BBF429E2FB0C7AE00B21E0D /* quorra-cli */,
			);
			name = Products;
			sourceTree = "<group>";
		};
		1B84B1E62FB38D8C00D138C8 /* Frameworks */ = {
			isa = PBXGroup;
			children = (
			);
			name = Frameworks;
			sourceTree = "<group>";
		};
/* End PBXGroup section */

/* Begin PBXNativeTarget section */
		1B0E8B8D2FADF3FC002DC711 /* quorraTests */ = {
			isa = PBXNativeTarget;
			buildConfigurationList = 1B0E8B962FADF3FC002DC711 /* Build configuration list for PBXNativeTarget "quorraTests" */;
			buildPhases = (
				1B0E8B8A2FADF3FC002DC711 /* Sources */,
				1B0E8B8B2FADF3FC002DC711 /* Frameworks */,
				1B0E8B8C2FADF3FC002DC711 /* Resources */,
			);
			buildRules = (
			);
			dependencies = (
				1B0E8B932FADF3FC002DC711 /* PBXTargetDependency */,
			);
			fileSystemSynchronizedGroups = (
				1B0E8B8F2FADF3FC002DC711 /* Tests/QuorraAppTests */,
			);
			name = quorraTests;
			productName = quorraTests;
			productReference = 1B0E8B8E2FADF3FC002DC711 /* quorraTests.xctest */;
			productType = "com.apple.product-type.bundle.unit-test";
		};
		1B5F7C8C2FACE2A100833D01 /* quorra */ = {
			isa = PBXNativeTarget;
			buildConfigurationList = 1B5F7C982FACE2A200833D01 /* Build configuration list for PBXNativeTarget "quorra" */;
			buildPhases = (
				1B5F7C892FACE2A100833D01 /* Sources */,
				1B5F7C8A2FACE2A100833D01 /* Frameworks */,
				1B5F7C8B2FACE2A100833D01 /* Resources */,
				1B88C1C92FB1105E00A3CD79 /* Embed CLI */,
			);
			buildRules = (
			);
			dependencies = (
				1B88C1C62FB10F1500A3CD79 /* PBXTargetDependency */,
			);
			fileSystemSynchronizedGroups = (
				1B5F7C8F2FACE2A100833D01 /* App */,
			);
			name = quorra;
			packageProductDependencies = (
				1BA1B1C22FB0000000000002 /* AWSConfigINI */,
				1B84B1E72FB38D8C00D138C8 /* IAMIdentityCenter */,
			);
			productName = quorra;
			productReference = 1B5F7C8D2FACE2A100833D01 /* quorra.app */;
			productType = "com.apple.product-type.application";
		};
		1BBF429D2FB0C7AE00B21E0D /* quorra-cli */ = {
			isa = PBXNativeTarget;
			buildConfigurationList = 1BBF42A22FB0C7AE00B21E0D /* Build configuration list for PBXNativeTarget "quorra-cli" */;
			buildPhases = (
				1BBF429A2FB0C7AE00B21E0D /* Sources */,
				1BBF429B2FB0C7AE00B21E0D /* Frameworks */,
			);
			buildRules = (
			);
			fileSystemSynchronizedGroups = (
				1BBF429F2FB0C7AE00B21E0D /* quorra-cli */,
			);
			name = "quorra-cli";
			productName = "quorra-cli";
			productReference = 1BBF429E2FB0C7AE00B21E0D /* quorra-cli */;
			productType = "com.apple.product-type.tool";
		};
/* End PBXNativeTarget section */

/* Begin PBXProject section */
		1B5F7C852FACE2A100833D01 /* Project object */ = {
			isa = PBXProject;
			attributes = {
				BuildIndependentTargetsInParallel = 1;
				LastSwiftUpdateCheck = 2640;
				LastUpgradeCheck = 2650;
				ORGANIZATIONNAME = dev.ajbeck;
				TargetAttributes = {
					1B0E8B8D2FADF3FC002DC711 = {
						CreatedOnToolsVersion = 26.4;
						TestTargetID = 1B5F7C8C2FACE2A100833D01;
					};
					1B5F7C8C2FACE2A100833D01 = {
						CreatedOnToolsVersion = 26.4;
					};
					1BBF429D2FB0C7AE00B21E0D = {
						CreatedOnToolsVersion = 26.4;
					};
				};
			};
			buildConfigurationList = 1B5F7C882FACE2A100833D01 /* Build configuration list for PBXProject "quorra" */;
			developmentRegion = en;
			hasScannedForEncodings = 0;
			knownRegions = (
				en,
				Base,
			);
			mainGroup = 1B5F7C842FACE2A100833D01;
			minimizedProjectReferenceProxies = 1;
			packageReferences = (
				1BA1B1C32FB0000000000003 /* XCLocalSwiftPackageReference "Packages/QuorraCore" */,
			);
			preferredProjectObjectVersion = 100;
			productRefGroup = 1B5F7C8E2FACE2A100833D01 /* Products */;
			projectDirPath = "";
			projectRoot = "";
			targets = (
				1B5F7C8C2FACE2A100833D01 /* quorra */,
				1B0E8B8D2FADF3FC002DC711 /* quorraTests */,
				1BBF429D2FB0C7AE00B21E0D /* quorra-cli */,
			);
		};
/* End PBXProject section */

/* Begin PBXResourcesBuildPhase section */
		1B0E8B8C2FADF3FC002DC711 /* Resources */ = {
			isa = PBXResourcesBuildPhase;
			files = (
			);
		};
		1B5F7C8B2FACE2A100833D01 /* Resources */ = {
			isa = PBXResourcesBuildPhase;
			files = (
				1B84B1B42FB1D87700D138C8 /* quorra.xctestplan in Resources */,
			);
		};
/* End PBXResourcesBuildPhase section */

/* Begin PBXSourcesBuildPhase section */
		1B0E8B8A2FADF3FC002DC711 /* Sources */ = {
			isa = PBXSourcesBuildPhase;
			files = (
			);
		};
		1B5F7C892FACE2A100833D01 /* Sources */ = {
			isa = PBXSourcesBuildPhase;
			files = (
			);
		};
		1BBF429A2FB0C7AE00B21E0D /* Sources */ = {
			isa = PBXSourcesBuildPhase;
			files = (
			);
		};
/* End PBXSourcesBuildPhase section */

/* Begin PBXTargetDependency section */
		1B0E8B932FADF3FC002DC711 /* PBXTargetDependency */ = {
			isa = PBXTargetDependency;
			target = 1B5F7C8C2FACE2A100833D01 /* quorra */;
			targetProxy = 1B0E8B922FADF3FC002DC711 /* PBXContainerItemProxy */;
		};
		1B88C1C62FB10F1500A3CD79 /* PBXTargetDependency */ = {
			isa = PBXTargetDependency;
			target = 1BBF429D2FB0C7AE00B21E0D /* quorra-cli */;
			targetProxy = 1B88C1C52FB10F1500A3CD79 /* PBXContainerItemProxy */;
		};
/* End PBXTargetDependency section */

/* Begin XCBuildConfiguration section */
		1B0E8B942FADF3FC002DC711 /* Debug configuration for PBXNativeTarget "quorraTests" */ = {
			isa = XCBuildConfiguration;
			buildSettings = {
				BUNDLE_LOADER = "$(TEST_HOST)";
				"CODE_SIGN_IDENTITY[sdk=macosx*]" = "Apple Development";
				CODE_SIGN_STYLE = Automatic;
				CURRENT_PROJECT_VERSION = 1;
				DEAD_CODE_STRIPPING = YES;
				GENERATE_INFOPLIST_FILE = YES;
				MARKETING_VERSION = 1.0;
				PRODUCT_BUNDLE_IDENTIFIER = dev.ajbeck.quorraTests;
				PRODUCT_NAME = "$(TARGET_NAME)";
				STRING_CATALOG_GENERATE_SYMBOLS = NO;
				SWIFT_APPROACHABLE_CONCURRENCY = YES;
				SWIFT_EMIT_LOC_STRINGS = NO;
				SWIFT_UPCOMING_FEATURE_MEMBER_IMPORT_VISIBILITY = YES;
				SWIFT_VERSION = 5.0;
				TEST_HOST = "$(BUILT_PRODUCTS_DIR)/quorra.app/$(BUNDLE_EXECUTABLE_FOLDER_PATH)/quorra";
			};
			name = Debug;
		};
		1B0E8B952FADF3FC002DC711 /* Release configuration for PBXNativeTarget "quorraTests" */ = {
			isa = XCBuildConfiguration;
			buildSettings = {
				BUNDLE_LOADER = "$(TEST_HOST)";
				"CODE_SIGN_IDENTITY[sdk=macosx*]" = "Apple Development";
				CODE_SIGN_STYLE = Automatic;
				CURRENT_PROJECT_VERSION = 1;
				DEAD_CODE_STRIPPING = YES;
				GENERATE_INFOPLIST_FILE = YES;
				MARKETING_VERSION = 1.0;
				PRODUCT_BUNDLE_IDENTIFIER = dev.ajbeck.quorraTests;
				PRODUCT_NAME = "$(TARGET_NAME)";
				STRING_CATALOG_GENERATE_SYMBOLS = NO;
				SWIFT_APPROACHABLE_CONCURRENCY = YES;
				SWIFT_EMIT_LOC_STRINGS = NO;
				SWIFT_UPCOMING_FEATURE_MEMBER_IMPORT_VISIBILITY = YES;
				SWIFT_VERSION = 5.0;
				TEST_HOST = "$(BUILT_PRODUCTS_DIR)/quorra.app/$(BUNDLE_EXECUTABLE_FOLDER_PATH)/quorra";
			};
			name = Release;
		};
		1B5F7C962FACE2A200833D01 /* Debug configuration for PBXProject "quorra" */ = {
			isa = XCBuildConfiguration;
			buildSettings = {
				ALWAYS_SEARCH_USER_PATHS = NO;
				ASSETCATALOG_COMPILER_GENERATE_SWIFT_ASSET_SYMBOL_EXTENSIONS = YES;
				CLANG_ANALYZER_NONNULL = YES;
				CLANG_ANALYZER_NUMBER_OBJECT_CONVERSION = YES_AGGRESSIVE;
				CLANG_CXX_LANGUAGE_STANDARD = "gnu++20";
				CLANG_ENABLE_MODULES = YES;
				CLANG_ENABLE_OBJC_ARC = YES;
				CLANG_ENABLE_OBJC_WEAK = YES;
				CLANG_WARN_BLOCK_CAPTURE_AUTORELEASING = YES;
				CLANG_WARN_BOOL_CONVERSION = YES;
				CLANG_WARN_COMMA = YES;
				CLANG_WARN_CONSTANT_CONVERSION = YES;
				CLANG_WARN_DEPRECATED_OBJC_IMPLEMENTATIONS = YES;
				CLANG_WARN_DIRECT_OBJC_ISA_USAGE = YES_ERROR;
				CLANG_WARN_DOCUMENTATION_COMMENTS = YES;
				CLANG_WARN_EMPTY_BODY = YES;
				CLANG_WARN_ENUM_CONVERSION = YES;
				CLANG_WARN_INFINITE_RECURSION = YES;
				CLANG_WARN_INT_CONVERSION = YES;
				CLANG_WARN_NON_LITERAL_NULL_CONVERSION = YES;
				CLANG_WARN_OBJC_IMPLICIT_RETAIN_SELF = YES;
				CLANG_WARN_OBJC_LITERAL_CONVERSION = YES;
				CLANG_WARN_OBJC_ROOT_CLASS = YES_ERROR;
				CLANG_WARN_QUOTED_INCLUDE_IN_FRAMEWORK_HEADER = YES;
				CLANG_WARN_RANGE_LOOP_ANALYSIS = YES;
				CLANG_WARN_STRICT_PROTOTYPES = YES;
				CLANG_WARN_SUSPICIOUS_MOVE = YES;
				CLANG_WARN_UNGUARDED_AVAILABILITY = YES_AGGRESSIVE;
				CLANG_WARN_UNREACHABLE_CODE = YES;
				CLANG_WARN__DUPLICATE_METHOD_MATCH = YES;
				COPY_PHASE_STRIP = NO;
				DEAD_CODE_STRIPPING = YES;
				DEBUG_INFORMATION_FORMAT = dwarf;
				DEVELOPMENT_TEAM = 9GEBAJV9R4;
				ENABLE_STRICT_OBJC_MSGSEND = YES;
				ENABLE_TESTABILITY = YES;
				ENABLE_USER_SCRIPT_SANDBOXING = YES;
				GCC_C_LANGUAGE_STANDARD = gnu17;
				GCC_DYNAMIC_NO_PIC = NO;
				GCC_NO_COMMON_BLOCKS = YES;
				GCC_OPTIMIZATION_LEVEL = 0;
				GCC_PREPROCESSOR_DEFINITIONS = (
					"DEBUG=1",
					"$(inherited)",
				);
				GCC_WARN_64_TO_32_BIT_CONVERSION = YES;
				GCC_WARN_ABOUT_RETURN_TYPE = YES_ERROR;
				GCC_WARN_UNDECLARED_SELECTOR = YES;
				GCC_WARN_UNINITIALIZED_AUTOS = YES_AGGRESSIVE;
				GCC_WARN_UNUSED_FUNCTION = YES;
				GCC_WARN_UNUSED_VARIABLE = YES;
				LOCALIZATION_PREFERS_STRING_CATALOGS = YES;
				MACOSX_DEPLOYMENT_TARGET = 26.4;
				MTL_ENABLE_DEBUG_INFO = INCLUDE_SOURCE;
				MTL_FAST_MATH = YES;
				ONLY_ACTIVE_ARCH = YES;
				SDKROOT = macosx;
				STRING_CATALOG_GENERATE_SYMBOLS = YES;
				SWIFT_ACTIVE_COMPILATION_CONDITIONS = "DEBUG $(inherited)";
				SWIFT_OPTIMIZATION_LEVEL = "-Onone";
			};
			name = Debug;
		};
		1B5F7C972FACE2A200833D01 /* Release configuration for PBXProject "quorra" */ = {
			isa = XCBuildConfiguration;
			buildSettings = {
				ALWAYS_SEARCH_USER_PATHS = NO;
				ASSETCATALOG_COMPILER_GENERATE_SWIFT_ASSET_SYMBOL_EXTENSIONS = YES;
				CLANG_ANALYZER_NONNULL = YES;
				CLANG_ANALYZER_NUMBER_OBJECT_CONVERSION = YES_AGGRESSIVE;
				CLANG_CXX_LANGUAGE_STANDARD = "gnu++20";
				CLANG_ENABLE_MODULES = YES;
				CLANG_ENABLE_OBJC_ARC = YES;
				CLANG_ENABLE_OBJC_WEAK = YES;
				CLANG_WARN_BLOCK_CAPTURE_AUTORELEASING = YES;
				CLANG_WARN_BOOL_CONVERSION = YES;
				CLANG_WARN_COMMA = YES;
				CLANG_WARN_CONSTANT_CONVERSION = YES;
				CLANG_WARN_DEPRECATED_OBJC_IMPLEMENTATIONS = YES;
				CLANG_WARN_DIRECT_OBJC_ISA_USAGE = YES_ERROR;
				CLANG_WARN_DOCUMENTATION_COMMENTS = YES;
				CLANG_WARN_EMPTY_BODY = YES;
				CLANG_WARN_ENUM_CONVERSION = YES;
				CLANG_WARN_INFINITE_RECURSION = YES;
				CLANG_WARN_INT_CONVERSION = YES;
				CLANG_WARN_NON_LITERAL_NULL_CONVERSION = YES;
				CLANG_WARN_OBJC_IMPLICIT_RETAIN_SELF = YES;
				CLANG_WARN_OBJC_LITERAL_CONVERSION = YES;
				CLANG_WARN_OBJC_ROOT_CLASS = YES_ERROR;
				CLANG_WARN_QUOTED_INCLUDE_IN_FRAMEWORK_HEADER = YES;
				CLANG_WARN_RANGE_LOOP_ANALYSIS = YES;
				CLANG_WARN_STRICT_PROTOTYPES = YES;
				CLANG_WARN_SUSPICIOUS_MOVE = YES;
				CLANG_WARN_UNGUARDED_AVAILABILITY = YES_AGGRESSIVE;
				CLANG_WARN_UNREACHABLE_CODE = YES;
				CLANG_WARN__DUPLICATE_METHOD_MATCH = YES;
				COPY_PHASE_STRIP = NO;
				DEAD_CODE_STRIPPING = YES;
				DEBUG_INFORMATION_FORMAT = "dwarf-with-dsym";
				DEVELOPMENT_TEAM = 9GEBAJV9R4;
				ENABLE_NS_ASSERTIONS = NO;
				ENABLE_STRICT_OBJC_MSGSEND = YES;
				ENABLE_USER_SCRIPT_SANDBOXING = YES;
				GCC_C_LANGUAGE_STANDARD = gnu17;
				GCC_NO_COMMON_BLOCKS = YES;
				GCC_WARN_64_TO_32_BIT_CONVERSION = YES;
				GCC_WARN_ABOUT_RETURN_TYPE = YES_ERROR;
				GCC_WARN_UNDECLARED_SELECTOR = YES;
				GCC_WARN_UNINITIALIZED_AUTOS = YES_AGGRESSIVE;
				GCC_WARN_UNUSED_FUNCTION = YES;
				GCC_WARN_UNUSED_VARIABLE = YES;
				LOCALIZATION_PREFERS_STRING_CATALOGS = YES;
				MACOSX_DEPLOYMENT_TARGET = 26.4;
				MTL_ENABLE_DEBUG_INFO = NO;
				MTL_FAST_MATH = YES;
				SDKROOT = macosx;
				STRING_CATALOG_GENERATE_SYMBOLS = YES;
				SWIFT_COMPILATION_MODE = wholemodule;
			};
			name = Release;
		};
		1B5F7C992FACE2A200833D01 /* Debug configuration for PBXNativeTarget "quorra" */ = {
			isa = XCBuildConfiguration;
			buildSettings = {
				ASSETCATALOG_COMPILER_APPICON_NAME = AppIcon;
				ASSETCATALOG_COMPILER_GLOBAL_ACCENT_COLOR_NAME = AccentColor;
				CODE_SIGN_ENTITLEMENTS = Configs/Quorra.entitlements;
				"CODE_SIGN_IDENTITY[sdk=macosx*]" = "Apple Development";
				CODE_SIGN_STYLE = Automatic;
				COMBINE_HIDPI_IMAGES = YES;
				CURRENT_PROJECT_VERSION = 1;
				DEAD_CODE_STRIPPING = YES;
				ENABLE_APP_SANDBOX = YES;
				ENABLE_HARDENED_RUNTIME = YES;
				ENABLE_PREVIEWS = YES;
				ENABLE_USER_SELECTED_FILES = "";
				GENERATE_INFOPLIST_FILE = YES;
				INFOPLIST_KEY_NSHumanReadableCopyright = "";
				LD_RUNPATH_SEARCH_PATHS = (
					"$(inherited)",
					"@executable_path/../Frameworks",
				);
				MARKETING_VERSION = 1.0;
				PRODUCT_BUNDLE_IDENTIFIER = dev.ajbeck.quorra;
				PRODUCT_NAME = "$(TARGET_NAME)";
				REGISTER_APP_GROUPS = NO;
				STRING_CATALOG_GENERATE_SYMBOLS = YES;
				SWIFT_APPROACHABLE_CONCURRENCY = YES;
				SWIFT_DEFAULT_ACTOR_ISOLATION = MainActor;
				SWIFT_EMIT_LOC_STRINGS = YES;
				SWIFT_UPCOMING_FEATURE_MEMBER_IMPORT_VISIBILITY = YES;
				SWIFT_VERSION = 5.0;
			};
			name = Debug;
		};
		1B5F7C9A2FACE2A200833D01 /* Release configuration for PBXNativeTarget "quorra" */ = {
			isa = XCBuildConfiguration;
			buildSettings = {
				ASSETCATALOG_COMPILER_APPICON_NAME = AppIcon;
				ASSETCATALOG_COMPILER_GLOBAL_ACCENT_COLOR_NAME = AccentColor;
				CODE_SIGN_ENTITLEMENTS = Configs/Quorra.entitlements;
				"CODE_SIGN_IDENTITY[sdk=macosx*]" = "Apple Development";
				CODE_SIGN_STYLE = Automatic;
				COMBINE_HIDPI_IMAGES = YES;
				CURRENT_PROJECT_VERSION = 1;
				DEAD_CODE_STRIPPING = YES;
				ENABLE_APP_SANDBOX = YES;
				ENABLE_HARDENED_RUNTIME = YES;
				ENABLE_PREVIEWS = YES;
				ENABLE_USER_SELECTED_FILES = "";
				GENERATE_INFOPLIST_FILE = YES;
				INFOPLIST_KEY_NSHumanReadableCopyright = "";
				LD_RUNPATH_SEARCH_PATHS = (
					"$(inherited)",
					"@executable_path/../Frameworks",
				);
				MARKETING_VERSION = 1.0;
				PRODUCT_BUNDLE_IDENTIFIER = dev.ajbeck.quorra;
				PRODUCT_NAME = "$(TARGET_NAME)";
				REGISTER_APP_GROUPS = NO;
				STRING_CATALOG_GENERATE_SYMBOLS = YES;
				SWIFT_APPROACHABLE_CONCURRENCY = YES;
				SWIFT_DEFAULT_ACTOR_ISOLATION = MainActor;
				SWIFT_EMIT_LOC_STRINGS = YES;
				SWIFT_UPCOMING_FEATURE_MEMBER_IMPORT_VISIBILITY = YES;
				SWIFT_VERSION = 5.0;
			};
			name = Release;
		};
		1BBF42A32FB0C7AE00B21E0D /* Debug configuration for PBXNativeTarget "quorra-cli" */ = {
			isa = XCBuildConfiguration;
			buildSettings = {
				CODE_SIGN_ENTITLEMENTS = Configs/QuorraCLI.entitlements;
				"CODE_SIGN_IDENTITY[sdk=macosx*]" = "-";
				CODE_SIGN_INJECT_BASE_ENTITLEMENTS = NO;
				CODE_SIGN_STYLE = Automatic;
				DEAD_CODE_STRIPPING = YES;
				ENABLE_APP_SANDBOX = YES;
				ENABLE_HARDENED_RUNTIME = YES;
				MACOSX_DEPLOYMENT_TARGET = 26.0;
				OTHER_CODE_SIGN_FLAGS = "$(inherited) -i $(PRODUCT_BUNDLE_IDENTIFIER)";
				PRODUCT_BUNDLE_IDENTIFIER = dev.ajbeck.quorra.cli;
				PRODUCT_NAME = "$(TARGET_NAME)";
				SKIP_INSTALL = YES;
				SWIFT_APPROACHABLE_CONCURRENCY = YES;
				SWIFT_UPCOMING_FEATURE_MEMBER_IMPORT_VISIBILITY = YES;
				SWIFT_VERSION = 5.0;
			};
			name = Debug;
		};
		1BBF42A42FB0C7AE00B21E0D /* Release configuration for PBXNativeTarget "quorra-cli" */ = {
			isa = XCBuildConfiguration;
			buildSettings = {
				CODE_SIGN_ENTITLEMENTS = Configs/QuorraCLI.entitlements;
				"CODE_SIGN_IDENTITY[sdk=macosx*]" = "-";
				CODE_SIGN_INJECT_BASE_ENTITLEMENTS = NO;
				CODE_SIGN_STYLE = Automatic;
				DEAD_CODE_STRIPPING = YES;
				ENABLE_APP_SANDBOX = YES;
				ENABLE_HARDENED_RUNTIME = YES;
				MACOSX_DEPLOYMENT_TARGET = 26.0;
				OTHER_CODE_SIGN_FLAGS = "$(inherited) -i $(PRODUCT_BUNDLE_IDENTIFIER)";
				PRODUCT_BUNDLE_IDENTIFIER = dev.ajbeck.quorra.cli;
				PRODUCT_NAME = "$(TARGET_NAME)";
				SKIP_INSTALL = YES;
				SWIFT_APPROACHABLE_CONCURRENCY = YES;
				SWIFT_UPCOMING_FEATURE_MEMBER_IMPORT_VISIBILITY = YES;
				SWIFT_VERSION = 5.0;
			};
			name = Release;
		};
/* End XCBuildConfiguration section */

/* Begin XCConfigurationList section */
		1B0E8B962FADF3FC002DC711 /* Build configuration list for PBXNativeTarget "quorraTests" */ = {
			isa = XCConfigurationList;
			buildConfigurations = (
				1B0E8B942FADF3FC002DC711 /* Debug configuration for PBXNativeTarget "quorraTests" */,
				1B0E8B952FADF3FC002DC711 /* Release configuration for PBXNativeTarget "quorraTests" */,
			);
			defaultConfigurationName = Release;
		};
		1B5F7C882FACE2A100833D01 /* Build configuration list for PBXProject "quorra" */ = {
			isa = XCConfigurationList;
			buildConfigurations = (
				1B5F7C962FACE2A200833D01 /* Debug configuration for PBXProject "quorra" */,
				1B5F7C972FACE2A200833D01 /* Release configuration for PBXProject "quorra" */,
			);
			defaultConfigurationName = Release;
		};
		1B5F7C982FACE2A200833D01 /* Build configuration list for PBXNativeTarget "quorra" */ = {
			isa = XCConfigurationList;
			buildConfigurations = (
				1B5F7C992FACE2A200833D01 /* Debug configuration for PBXNativeTarget "quorra" */,
				1B5F7C9A2FACE2A200833D01 /* Release configuration for PBXNativeTarget "quorra" */,
			);
			defaultConfigurationName = Release;
		};
		1BBF42A22FB0C7AE00B21E0D /* Build configuration list for PBXNativeTarget "quorra-cli" */ = {
			isa = XCConfigurationList;
			buildConfigurations = (
				1BBF42A32FB0C7AE00B21E0D /* Debug configuration for PBXNativeTarget "quorra-cli" */,
				1BBF42A42FB0C7AE00B21E0D /* Release configuration for PBXNativeTarget "quorra-cli" */,
			);
			defaultConfigurationName = Release;
		};
/* End XCConfigurationList section */

/* Begin XCLocalSwiftPackageReference section */
		1BA1B1C32FB0000000000003 /* XCLocalSwiftPackageReference "Packages/QuorraCore" */ = {
			isa = XCLocalSwiftPackageReference;
			relativePath = Packages/QuorraCore;
		};
/* End XCLocalSwiftPackageReference section */

/* Begin XCSwiftPackageProductDependency section */
		1B84B1E72FB38D8C00D138C8 /* IAMIdentityCenter */ = {
			isa = XCSwiftPackageProductDependency;
			productName = IAMIdentityCenter;
		};
		1BA1B1C22FB0000000000002 /* AWSConfigINI */ = {
			isa = XCSwiftPackageProductDependency;
			productName = AWSConfigINI;
		};
/* End XCSwiftPackageProductDependency section */
	};
	rootObject = 1B5F7C852FACE2A100833D01 /* Project object */;
}
